
Microsoft Visual Studio Solution File, Format Version 12.00
# Visual Studio Version 17
VisualStudioVersion = 17.8.34511.84
MinimumVisualStudioVersion = 10.0.40219.1
Project("{9A19103F-16F7-4668-BE54-9A1E7A4F7556}") = "Reqnreport.ReqnrollPlugin", "Reqnreport.ReqnrollPlugin\Reqnreport.ReqnrollPlugin.csproj", "{1E594309-D1C6-4D3B-BB15-6E8843B39116}"
EndProject
Global
	GlobalSection(SolutionConfigurationPlatforms) = preSolution
		Debug|Any CPU = Debug|Any CPU
		Release|Any CPU = Release|Any CPU
	EndGlobalSection
	GlobalSection(ProjectConfigurationPlatforms) = postSolution
		{1E594309-D1C6-4D3B-BB15-6E8843B39116}.Debug|Any CPU.ActiveCfg = Debug|Any CPU
		{1E594309-D1C6-4D3B-BB15-6E8843B39116}.Debug|Any CPU.Build.0 = Debug|Any CPU
		{1E594309-D1C6-4D3B-BB15-6E8843B39116}.Release|Any CPU.ActiveCfg = Release|Any CPU
		{1E594309-D1C6-4D3B-BB15-6E8843B39116}.Release|Any CPU.Build.0 = Release|Any CPU
	EndGlobalSection
	GlobalSection(SolutionProperties) = preSolution
		HideSolutionNode = FALSE
	EndGlobalSection
	GlobalSection(ExtensibilityGlobals) = postSolution
		SolutionGuid = {D141191F-AE77-45B2-9BD6-5C6C6D478F05}
	EndGlobalSection
EndGlobal
